
Microsoft Visual Studio Solution File, Format Version 12.00
# Visual Studio Version 17
VisualStudioVersion = 17.5.33424.131
MinimumVisualStudioVersion = 10.0.40219.1
Project("{FAE04EC0-301F-11D3-BF4B-00C04F79EFBC}") = "TiposReferenciaTiposValor", "TiposReferenciaTiposValor\TiposReferenciaTiposValor.csproj", "{2A9C9E53-ABCA-4DF9-9E3C-CEC15B83A2EB}"
EndProject
Global
	GlobalSection(SolutionConfigurationPlatforms) = preSolution
		Debug|Any CPU = Debug|Any CPU
		Release|Any CPU = Release|Any CPU
	EndGlobalSection
	GlobalSection(ProjectConfigurationPlatforms) = postSolution
		{2A9C9E53-ABCA-4DF9-9E3C-CEC15B83A2EB}.Debug|Any CPU.ActiveCfg = Debug|Any CPU
		{2A9C9E53-ABCA-4DF9-9E3C-CEC15B83A2EB}.Debug|Any CPU.Build.0 = Debug|Any CPU
		{2A9C9E53-ABCA-4DF9-9E3C-CEC15B83A2EB}.Release|Any CPU.ActiveCfg = Release|Any CPU
		{2A9C9E53-ABCA-4DF9-9E3C-CEC15B83A2EB}.Release|Any CPU.Build.0 = Release|Any CPU
	EndGlobalSection
	GlobalSection(SolutionProperties) = preSolution
		HideSolutionNode = FALSE
	EndGlobalSection
	GlobalSection(ExtensibilityGlobals) = postSolution
		SolutionGuid = {B65FB468-E0A6-41C0-A83E-2343D86D4F07}
	EndGlobalSection
EndGlobal
