
Microsoft Visual Studio Solution File, Format Version 12.00
# Visual Studio Version 17
VisualStudioVersion = 17.7.34031.279
MinimumVisualStudioVersion = 10.0.40219.1
Project("{FAE04EC0-301F-11D3-BF4B-00C04F79EFBC}") = "ExercicioDois", "ExercicioDois\ExercicioDois.csproj", "{D4FCE332-9228-452C-9B10-8CA28916744E}"
EndProject
Global
	GlobalSection(SolutionConfigurationPlatforms) = preSolution
		Debug|Any CPU = Debug|Any CPU
		Release|Any CPU = Release|Any CPU
	EndGlobalSection
	GlobalSection(ProjectConfigurationPlatforms) = postSolution
		{D4FCE332-9228-452C-9B10-8CA28916744E}.Debug|Any CPU.ActiveCfg = Debug|Any CPU
		{D4FCE332-9228-452C-9B10-8CA28916744E}.Debug|Any CPU.Build.0 = Debug|Any CPU
		{D4FCE332-9228-452C-9B10-8CA28916744E}.Release|Any CPU.ActiveCfg = Release|Any CPU
		{D4FCE332-9228-452C-9B10-8CA28916744E}.Release|Any CPU.Build.0 = Release|Any CPU
	EndGlobalSection
	GlobalSection(SolutionProperties) = preSolution
		HideSolutionNode = FALSE
	EndGlobalSection
	GlobalSection(ExtensibilityGlobals) = postSolution
		SolutionGuid = {FEAEEC9D-14C3-4341-858B-D1B1F2CB9F96}
	EndGlobalSection
EndGlobal
