
Microsoft Visual Studio Solution File, Format Version 12.00
# Visual Studio Version 17
VisualStudioVersion = 17.5.33424.131
MinimumVisualStudioVersion = 10.0.40219.1
Project("{FAE04EC0-301F-11D3-BF4B-00C04F79EFBC}") = "CondicionalTernaria", "CondicionalTernaria\CondicionalTernaria.csproj", "{5CDC8779-198D-4D01-BAE0-62F8339B6865}"
EndProject
Global
	GlobalSection(SolutionConfigurationPlatforms) = preSolution
		Debug|Any CPU = Debug|Any CPU
		Release|Any CPU = Release|Any CPU
	EndGlobalSection
	GlobalSection(ProjectConfigurationPlatforms) = postSolution
		{5CDC8779-198D-4D01-BAE0-62F8339B6865}.Debug|Any CPU.ActiveCfg = Debug|Any CPU
		{5CDC8779-198D-4D01-BAE0-62F8339B6865}.Debug|Any CPU.Build.0 = Debug|Any CPU
		{5CDC8779-198D-4D01-BAE0-62F8339B6865}.Release|Any CPU.ActiveCfg = Release|Any CPU
		{5CDC8779-198D-4D01-BAE0-62F8339B6865}.Release|Any CPU.Build.0 = Release|Any CPU
	EndGlobalSection
	GlobalSection(SolutionProperties) = preSolution
		HideSolutionNode = FALSE
	EndGlobalSection
	GlobalSection(ExtensibilityGlobals) = postSolution
		SolutionGuid = {FE5FC8C7-FA34-410E-9449-0528735117DB}
	EndGlobalSection
EndGlobal
