
Microsoft Visual Studio Solution File, Format Version 12.00
# Visual Studio Version 17
VisualStudioVersion = 17.7.34221.43
MinimumVisualStudioVersion = 10.0.40219.1
Project("{FAE04EC0-301F-11D3-BF4B-00C04F79EFBC}") = "ClassesAbstratas", "ClassesAbstratas\ClassesAbstratas.csproj", "{3418360F-5C87-4148-AF46-25DB5EAF3E62}"
EndProject
Global
	GlobalSection(SolutionConfigurationPlatforms) = preSolution
		Debug|Any CPU = Debug|Any CPU
		Release|Any CPU = Release|Any CPU
	EndGlobalSection
	GlobalSection(ProjectConfigurationPlatforms) = postSolution
		{3418360F-5C87-4148-AF46-25DB5EAF3E62}.Debug|Any CPU.ActiveCfg = Debug|Any CPU
		{3418360F-5C87-4148-AF46-25DB5EAF3E62}.Debug|Any CPU.Build.0 = Debug|Any CPU
		{3418360F-5C87-4148-AF46-25DB5EAF3E62}.Release|Any CPU.ActiveCfg = Release|Any CPU
		{3418360F-5C87-4148-AF46-25DB5EAF3E62}.Release|Any CPU.Build.0 = Release|Any CPU
	EndGlobalSection
	GlobalSection(SolutionProperties) = preSolution
		HideSolutionNode = FALSE
	EndGlobalSection
	GlobalSection(ExtensibilityGlobals) = postSolution
		SolutionGuid = {C75F2E60-CF9C-43A4-8AFA-57F376BE3BFA}
	EndGlobalSection
EndGlobal
