
Microsoft Visual Studio Solution File, Format Version 12.00
# Visual Studio Version 17
VisualStudioVersion = 17.5.33424.131
MinimumVisualStudioVersion = 10.0.40219.1
Project("{FAE04EC0-301F-11D3-BF4B-00C04F79EFBC}") = "ParametroParams", "ParametroParams\ParametroParams.csproj", "{6115CA62-835F-4DBF-BD8E-82F5ED3DCF08}"
EndProject
Global
	GlobalSection(SolutionConfigurationPlatforms) = preSolution
		Debug|Any CPU = Debug|Any CPU
		Release|Any CPU = Release|Any CPU
	EndGlobalSection
	GlobalSection(ProjectConfigurationPlatforms) = postSolution
		{6115CA62-835F-4DBF-BD8E-82F5ED3DCF08}.Debug|Any CPU.ActiveCfg = Debug|Any CPU
		{6115CA62-835F-4DBF-BD8E-82F5ED3DCF08}.Debug|Any CPU.Build.0 = Debug|Any CPU
		{6115CA62-835F-4DBF-BD8E-82F5ED3DCF08}.Release|Any CPU.ActiveCfg = Release|Any CPU
		{6115CA62-835F-4DBF-BD8E-82F5ED3DCF08}.Release|Any CPU.Build.0 = Release|Any CPU
	EndGlobalSection
	GlobalSection(SolutionProperties) = preSolution
		HideSolutionNode = FALSE
	EndGlobalSection
	GlobalSection(ExtensibilityGlobals) = postSolution
		SolutionGuid = {F2FE6A2E-8FBD-4545-9548-75910937472D}
	EndGlobalSection
EndGlobal
