
Microsoft Visual Studio Solution File, Format Version 12.00
# Visual Studio Version 17
VisualStudioVersion = 17.5.33424.131
MinimumVisualStudioVersion = 10.0.40219.1
Project("{FAE04EC0-301F-11D3-BF4B-00C04F79EFBC}") = "ExercicioTres", "ExercicioTres\ExercicioTres.csproj", "{BD3DD7D4-0166-4B18-A008-9BBCC51D2A85}"
EndProject
Global
	GlobalSection(SolutionConfigurationPlatforms) = preSolution
		Debug|Any CPU = Debug|Any CPU
		Release|Any CPU = Release|Any CPU
	EndGlobalSection
	GlobalSection(ProjectConfigurationPlatforms) = postSolution
		{BD3DD7D4-0166-4B18-A008-9BBCC51D2A85}.Debug|Any CPU.ActiveCfg = Debug|Any CPU
		{BD3DD7D4-0166-4B18-A008-9BBCC51D2A85}.Debug|Any CPU.Build.0 = Debug|Any CPU
		{BD3DD7D4-0166-4B18-A008-9BBCC51D2A85}.Release|Any CPU.ActiveCfg = Release|Any CPU
		{BD3DD7D4-0166-4B18-A008-9BBCC51D2A85}.Release|Any CPU.Build.0 = Release|Any CPU
	EndGlobalSection
	GlobalSection(SolutionProperties) = preSolution
		HideSolutionNode = FALSE
	EndGlobalSection
	GlobalSection(ExtensibilityGlobals) = postSolution
		SolutionGuid = {8A48A9D0-5544-4AA4-B9BA-BC860B29A5A9}
	EndGlobalSection
EndGlobal
