
Microsoft Visual Studio Solution File, Format Version 12.00
# Visual Studio Version 17
VisualStudioVersion = 17.5.33424.131
MinimumVisualStudioVersion = 10.0.40219.1
Project("{FAE04EC0-301F-11D3-BF4B-00C04F79EFBC}") = "ExercicioCinco", "ExercicioCinco\ExercicioCinco.csproj", "{550B9CA8-CF40-41D7-B7F0-BCEABFA4DEEC}"
EndProject
Global
	GlobalSection(SolutionConfigurationPlatforms) = preSolution
		Debug|Any CPU = Debug|Any CPU
		Release|Any CPU = Release|Any CPU
	EndGlobalSection
	GlobalSection(ProjectConfigurationPlatforms) = postSolution
		{550B9CA8-CF40-41D7-B7F0-BCEABFA4DEEC}.Debug|Any CPU.ActiveCfg = Debug|Any CPU
		{550B9CA8-CF40-41D7-B7F0-BCEABFA4DEEC}.Debug|Any CPU.Build.0 = Debug|Any CPU
		{550B9CA8-CF40-41D7-B7F0-BCEABFA4DEEC}.Release|Any CPU.ActiveCfg = Release|Any CPU
		{550B9CA8-CF40-41D7-B7F0-BCEABFA4DEEC}.Release|Any CPU.Build.0 = Release|Any CPU
	EndGlobalSection
	GlobalSection(SolutionProperties) = preSolution
		HideSolutionNode = FALSE
	EndGlobalSection
	GlobalSection(ExtensibilityGlobals) = postSolution
		SolutionGuid = {C16D82B8-255C-44FA-99DA-DC9997CC7D61}
	EndGlobalSection
EndGlobal
