
Microsoft Visual Studio Solution File, Format Version 12.00
# Visual Studio Version 17
VisualStudioVersion = 17.7.34221.43
MinimumVisualStudioVersion = 10.0.40219.1
Project("{FAE04EC0-301F-11D3-BF4B-00C04F79EFBC}") = "UpcastingDowncasting", "UpcastingDowncasting\UpcastingDowncasting.csproj", "{854061E8-7262-4D77-BF76-AC8642EBBCAD}"
EndProject
Global
	GlobalSection(SolutionConfigurationPlatforms) = preSolution
		Debug|Any CPU = Debug|Any CPU
		Release|Any CPU = Release|Any CPU
	EndGlobalSection
	GlobalSection(ProjectConfigurationPlatforms) = postSolution
		{854061E8-7262-4D77-BF76-AC8642EBBCAD}.Debug|Any CPU.ActiveCfg = Debug|Any CPU
		{854061E8-7262-4D77-BF76-AC8642EBBCAD}.Debug|Any CPU.Build.0 = Debug|Any CPU
		{854061E8-7262-4D77-BF76-AC8642EBBCAD}.Release|Any CPU.ActiveCfg = Release|Any CPU
		{854061E8-7262-4D77-BF76-AC8642EBBCAD}.Release|Any CPU.Build.0 = Release|Any CPU
	EndGlobalSection
	GlobalSection(SolutionProperties) = preSolution
		HideSolutionNode = FALSE
	EndGlobalSection
	GlobalSection(ExtensibilityGlobals) = postSolution
		SolutionGuid = {75FAAF69-D97A-495C-B472-2F63D15DCDBE}
	EndGlobalSection
EndGlobal
